
Microsoft Visual Studio Solution File, Format Version 12.00
# Visual Studio Version 17
VisualStudioVersion = 17.3.32804.467
MinimumVisualStudioVersion = 10.0.40219.1
Project("{54A90642-561A-4BB1-A94E-469ADEE60C69}") = "weatherangularui", "weatherangularui\weatherangularui.esproj", "{8C46BDE3-3618-4BAC-AB49-518764408EB0}"
EndProject
Project("{FAE04EC0-301F-11D3-BF4B-00C04F79EFBC}") = "Foyle.Weather.Gateway.API", "Foyle.Weather.Gateway.API\Foyle.Weather.Gateway.API.csproj", "{E3764140-50A5-4982-A123-5C200B393DEF}"
EndProject
Global
	GlobalSection(SolutionConfigurationPlatforms) = preSolution
		Debug|Any CPU = Debug|Any CPU
		Release|Any CPU = Release|Any CPU
	EndGlobalSection
	GlobalSection(ProjectConfigurationPlatforms) = postSolution
		{8C46BDE3-3618-4BAC-AB49-518764408EB0}.Debug|Any CPU.ActiveCfg = Debug|Any CPU
		{8C46BDE3-3618-4BAC-AB49-518764408EB0}.Debug|Any CPU.Build.0 = Debug|Any CPU
		{8C46BDE3-3618-4BAC-AB49-518764408EB0}.Debug|Any CPU.Deploy.0 = Debug|Any CPU
		{8C46BDE3-3618-4BAC-AB49-518764408EB0}.Release|Any CPU.ActiveCfg = Release|Any CPU
		{8C46BDE3-3618-4BAC-AB49-518764408EB0}.Release|Any CPU.Build.0 = Release|Any CPU
		{8C46BDE3-3618-4BAC-AB49-518764408EB0}.Release|Any CPU.Deploy.0 = Release|Any CPU
		{E3764140-50A5-4982-A123-5C200B393DEF}.Debug|Any CPU.ActiveCfg = Debug|Any CPU
		{E3764140-50A5-4982-A123-5C200B393DEF}.Debug|Any CPU.Build.0 = Debug|Any CPU
		{E3764140-50A5-4982-A123-5C200B393DEF}.Release|Any CPU.ActiveCfg = Release|Any CPU
		{E3764140-50A5-4982-A123-5C200B393DEF}.Release|Any CPU.Build.0 = Release|Any CPU
	EndGlobalSection
	GlobalSection(SolutionProperties) = preSolution
		HideSolutionNode = FALSE
	EndGlobalSection
	GlobalSection(ExtensibilityGlobals) = postSolution
		SolutionGuid = {A0F8B691-FBF4-4A0C-BF07-F61D1D350630}
	EndGlobalSection
EndGlobal
